# THIS IS AN AUTOGENERATED FILE. DO NOT EDIT THIS FILE DIRECTLY.
# yarn lockfile v1


"@octokit/auth-token@^2.4.4":
  version "2.5.0"
  resolved "http://r.npm.sankuai.com/@octokit/auth-token/download/@octokit/auth-token-2.5.0.tgz#27c37ea26c205f28443402477ffd261311f21e36"
  integrity sha1-J8N+omwgXyhENAJHf/0mExHyHjY=
  dependencies:
    "@octokit/types" "^6.0.3"

"@octokit/core@^3.5.1":
  version "3.6.0"
  resolved "http://r.npm.sankuai.com/@octokit/core/download/@octokit/core-3.6.0.tgz#3376cb9f3008d9b3d110370d90e0a1fcd5fe6085"
  integrity sha1-M3bLnzAI2bPREDcNkOCh/NX+YIU=
  dependencies:
    "@octokit/auth-token" "^2.4.4"
    "@octokit/graphql" "^4.5.8"
    "@octokit/request" "^5.6.3"
    "@octokit/request-error" "^2.0.5"
    "@octokit/types" "^6.0.3"
    before-after-hook "^2.2.0"
    universal-user-agent "^6.0.0"

"@octokit/endpoint@^6.0.1":
  version "6.0.12"
  resolved "http://r.npm.sankuai.com/@octokit/endpoint/download/@octokit/endpoint-6.0.12.tgz#3b4d47a4b0e79b1027fb8d75d4221928b2d05658"
  integrity sha1-O01HpLDnmxAn+4111CIZKLLQVlg=
  dependencies:
    "@octokit/types" "^6.0.3"
    is-plain-object "^5.0.0"
    universal-user-agent "^6.0.0"

"@octokit/graphql@^4.5.8":
  version "4.8.0"
  resolved "http://r.npm.sankuai.com/@octokit/graphql/download/@octokit/graphql-4.8.0.tgz#664d9b11c0e12112cbf78e10f49a05959aa22cc3"
  integrity sha1-Zk2bEcDhIRLL944Q9JoFlZqiLMM=
  dependencies:
    "@octokit/request" "^5.6.0"
    "@octokit/types" "^6.0.3"
    universal-user-agent "^6.0.0"

"@octokit/openapi-types@^11.2.0":
  version "11.2.0"
  resolved "http://r.npm.sankuai.com/@octokit/openapi-types/download/@octokit/openapi-types-11.2.0.tgz#b38d7fc3736d52a1e96b230c1ccd4a58a2f400a6"
  integrity sha1-s41/w3NtUqHpayMMHM1KWKL0AKY=

"@octokit/plugin-paginate-rest@^2.16.8":
  version "2.17.0"
  resolved "http://r.npm.sankuai.com/@octokit/plugin-paginate-rest/download/@octokit/plugin-paginate-rest-2.17.0.tgz#32e9c7cab2a374421d3d0de239102287d791bce7"
  integrity sha1-MunHyrKjdEIdPQ3iORAih9eRvOc=
  dependencies:
    "@octokit/types" "^6.34.0"

"@octokit/plugin-request-log@^1.0.4":
  version "1.0.4"
  resolved "http://r.npm.sankuai.com/@octokit/plugin-request-log/download/@octokit/plugin-request-log-1.0.4.tgz#5e50ed7083a613816b1e4a28aeec5fb7f1462e85"
  integrity sha1-XlDtcIOmE4FrHkooruxft/FGLoU=

"@octokit/plugin-rest-endpoint-methods@^5.12.0":
  version "5.13.0"
  resolved "http://r.npm.sankuai.com/@octokit/plugin-rest-endpoint-methods/download/@octokit/plugin-rest-endpoint-methods-5.13.0.tgz#8c46109021a3412233f6f50d28786f8e552427ba"
  integrity sha1-jEYQkCGjQSIz9vUNKHhvjlUkJ7o=
  dependencies:
    "@octokit/types" "^6.34.0"
    deprecation "^2.3.1"

"@octokit/request-error@^2.0.5", "@octokit/request-error@^2.1.0":
  version "2.1.0"
  resolved "http://r.npm.sankuai.com/@octokit/request-error/download/@octokit/request-error-2.1.0.tgz#9e150357831bfc788d13a4fd4b1913d60c74d677"
  integrity sha1-nhUDV4Mb/HiNE6T9SxkT1gx01nc=
  dependencies:
    "@octokit/types" "^6.0.3"
    deprecation "^2.0.0"
    once "^1.4.0"

"@octokit/request@^5.6.0", "@octokit/request@^5.6.3":
  version "5.6.3"
  resolved "http://r.npm.sankuai.com/@octokit/request/download/@octokit/request-5.6.3.tgz#19a022515a5bba965ac06c9d1334514eb50c48b0"
  integrity sha1-GaAiUVpbupZawGydEzRRTrUMSLA=
  dependencies:
    "@octokit/endpoint" "^6.0.1"
    "@octokit/request-error" "^2.1.0"
    "@octokit/types" "^6.16.1"
    is-plain-object "^5.0.0"
    node-fetch "^2.6.7"
    universal-user-agent "^6.0.0"

"@octokit/rest@^18.12.0":
  version "18.12.0"
  resolved "http://r.npm.sankuai.com/@octokit/rest/download/@octokit/rest-18.12.0.tgz#f06bc4952fc87130308d810ca9d00e79f6988881"
  integrity sha1-8GvElS/IcTAwjYEMqdAOefaYiIE=
  dependencies:
    "@octokit/core" "^3.5.1"
    "@octokit/plugin-paginate-rest" "^2.16.8"
    "@octokit/plugin-request-log" "^1.0.4"
    "@octokit/plugin-rest-endpoint-methods" "^5.12.0"

"@octokit/types@^6.0.3", "@octokit/types@^6.16.1", "@octokit/types@^6.34.0":
  version "6.34.0"
  resolved "http://r.npm.sankuai.com/@octokit/types/download/@octokit/types-6.34.0.tgz#c6021333334d1ecfb5d370a8798162ddf1ae8218"
  integrity sha1-xgITMzNNHs+103CoeYFi3fGughg=
  dependencies:
    "@octokit/openapi-types" "^11.2.0"

ansi-escapes@^3.2.0:
  version "3.2.0"
  resolved "http://r.npm.sankuai.com/ansi-escapes/download/ansi-escapes-3.2.0.tgz#8780b98ff9dbf5638152d1f1fe5c1d7b4442976b"
  integrity sha1-h4C5j/nb9WOBUtHx/lwde0RCl2s=

ansi-regex@^3.0.0:
  version "3.0.1"
  resolved "http://r.npm.sankuai.com/ansi-regex/download/ansi-regex-3.0.1.tgz#123d6479e92ad45ad897d4054e3c7ca7db4944e1"
  integrity sha1-Ej1keekq1FrYl9QFTjx8p9tJROE=

ansi-regex@^4.1.0:
  version "4.1.1"
  resolved "http://r.npm.sankuai.com/ansi-regex/download/ansi-regex-4.1.1.tgz#164daac87ab2d6f6db3a29875e2d1766582dabed"
  integrity sha1-Fk2qyHqy1vbbOimHXi0XZlgtq+0=

ansi-styles@^3.2.1:
  version "3.2.1"
  resolved "http://r.npm.sankuai.com/ansi-styles/download/ansi-styles-3.2.1.tgz#41fbb20243e50b12be0f04b8dedbf07520ce841d"
  integrity sha1-QfuyAkPlCxK+DwS43tvwdSDOhB0=
  dependencies:
    color-convert "^1.9.0"

before-after-hook@^2.2.0:
  version "2.2.2"
  resolved "http://r.npm.sankuai.com/before-after-hook/download/before-after-hook-2.2.2.tgz#a6e8ca41028d90ee2c24222f201c90956091613e"
  integrity sha1-pujKQQKNkO4sJCIvIByQlWCRYT4=

chalk@^2.4.2:
  version "2.4.2"
  resolved "http://r.npm.sankuai.com/chalk/download/chalk-2.4.2.tgz#cd42541677a54333cf541a49108c1432b44c9424"
  integrity sha1-zUJUFnelQzPPVBpJEIwUMrRMlCQ=
  dependencies:
    ansi-styles "^3.2.1"
    escape-string-regexp "^1.0.5"
    supports-color "^5.3.0"

chardet@^0.7.0:
  version "0.7.0"
  resolved "http://r.npm.sankuai.com/chardet/download/chardet-0.7.0.tgz#90094849f0937f2eedc2425d0d28a9e5f0cbad9e"
  integrity sha1-kAlISfCTfy7twkJdDSip5fDLrZ4=

cli-cursor@^2.1.0:
  version "2.1.0"
  resolved "http://r.npm.sankuai.com/cli-cursor/download/cli-cursor-2.1.0.tgz#b35dac376479facc3e94747d41d0d0f5238ffcb5"
  integrity sha1-s12sN2R5+sw+lHR9QdDQ9SOP/LU=
  dependencies:
    restore-cursor "^2.0.0"

cli-width@^2.0.0:
  version "2.2.1"
  resolved "http://r.npm.sankuai.com/cli-width/download/cli-width-2.2.1.tgz#b0433d0b4e9c847ef18868a4ef16fd5fc8271c48"
  integrity sha1-sEM9C06chH7xiGik7xb9X8gnHEg=

color-convert@^1.9.0:
  version "1.9.3"
  resolved "http://r.npm.sankuai.com/color-convert/download/color-convert-1.9.3.tgz#bb71850690e1f136567de629d2d5471deda4c1e8"
  integrity sha1-u3GFBpDh8TZWfeYp0tVHHe2kweg=
  dependencies:
    color-name "1.1.3"

color-name@1.1.3:
  version "1.1.3"
  resolved "http://r.npm.sankuai.com/color-name/download/color-name-1.1.3.tgz#a7d0558bd89c42f795dd42328f740831ca53bc25"
  integrity sha1-p9BVi9icQveV3UIyj3QIMcpTvCU=

deprecation@^2.0.0, deprecation@^2.3.1:
  version "2.3.1"
  resolved "http://r.npm.sankuai.com/deprecation/download/deprecation-2.3.1.tgz#6368cbdb40abf3373b525ac87e4a260c3a700919"
  integrity sha1-Y2jL20Cr8zc7UlrIfkomDDpwCRk=

escape-string-regexp@^1.0.5:
  version "1.0.5"
  resolved "http://r.npm.sankuai.com/escape-string-regexp/download/escape-string-regexp-1.0.5.tgz#1b61c0562190a8dff6ae3bb2cf0200ca130b86d4"
  integrity sha1-G2HAViGQqN/2rjuyzwIAyhMLhtQ=

external-editor@^3.0.3:
  version "3.1.0"
  resolved "http://r.npm.sankuai.com/external-editor/download/external-editor-3.1.0.tgz#cb03f740befae03ea4d283caed2741a83f335495"
  integrity sha1-ywP3QL764D6k0oPK7SdBqD8zVJU=
  dependencies:
    chardet "^0.7.0"
    iconv-lite "^0.4.24"
    tmp "^0.0.33"

figures@^2.0.0:
  version "2.0.0"
  resolved "http://r.npm.sankuai.com/figures/download/figures-2.0.0.tgz#3ab1a2d2a62c8bfb431a0c94cb797a2fce27c962"
  integrity sha1-OrGi0qYsi/tDGgyUy3l6L84nyWI=
  dependencies:
    escape-string-regexp "^1.0.5"

fs-extra@^7.0.0:
  version "7.0.1"
  resolved "http://r.npm.sankuai.com/fs-extra/download/fs-extra-7.0.1.tgz#4f189c44aa123b895f722804f55ea23eadc348e9"
  integrity sha1-TxicRKoSO4lfcigE9V6iPq3DSOk=
  dependencies:
    graceful-fs "^4.1.2"
    jsonfile "^4.0.0"
    universalify "^0.1.0"

graceful-fs@^4.1.2, graceful-fs@^4.1.6:
  version "4.2.10"
  resolved "http://r.npm.sankuai.com/graceful-fs/download/graceful-fs-4.2.10.tgz#147d3a006da4ca3ce14728c7aefc287c367d7a6c"
  integrity sha1-FH06AG2kyjzhRyjHrvwofDZ9emw=

has-flag@^3.0.0:
  version "3.0.0"
  resolved "http://r.npm.sankuai.com/has-flag/download/has-flag-3.0.0.tgz#b5d454dc2199ae225699f3467e5a07f3b955bafd"
  integrity sha1-tdRU3CGZriJWmfNGfloH87lVuv0=

iconv-lite@^0.4.24:
  version "0.4.24"
  resolved "http://r.npm.sankuai.com/iconv-lite/download/iconv-lite-0.4.24.tgz#2022b4b25fbddc21d2f524974a474aafe733908b"
  integrity sha1-ICK0sl+93CHS9SSXSkdKr+czkIs=
  dependencies:
    safer-buffer ">= 2.1.2 < 3"

inquirer@^6.2.0:
  version "6.5.2"
  resolved "http://r.npm.sankuai.com/inquirer/download/inquirer-6.5.2.tgz#ad50942375d036d327ff528c08bd5fab089928ca"
  integrity sha1-rVCUI3XQNtMn/1KMCL1fqwiZKMo=
  dependencies:
    ansi-escapes "^3.2.0"
    chalk "^2.4.2"
    cli-cursor "^2.1.0"
    cli-width "^2.0.0"
    external-editor "^3.0.3"
    figures "^2.0.0"
    lodash "^4.17.12"
    mute-stream "0.0.7"
    run-async "^2.2.0"
    rxjs "^6.4.0"
    string-width "^2.1.0"
    strip-ansi "^5.1.0"
    through "^2.3.6"

is-fullwidth-code-point@^2.0.0:
  version "2.0.0"
  resolved "http://r.npm.sankuai.com/is-fullwidth-code-point/download/is-fullwidth-code-point-2.0.0.tgz#a3b30a5c4f199183167aaab93beefae3ddfb654f"
  integrity sha1-o7MKXE8ZkYMWeqq5O+764937ZU8=

is-plain-object@^5.0.0:
  version "5.0.0"
  resolved "http://r.npm.sankuai.com/is-plain-object/download/is-plain-object-5.0.0.tgz#4427f50ab3429e9025ea7d52e9043a9ef4159344"
  integrity sha1-RCf1CrNCnpAl6n1S6QQ6nvQVk0Q=

jsonfile@^4.0.0:
  version "4.0.0"
  resolved "http://r.npm.sankuai.com/jsonfile/download/jsonfile-4.0.0.tgz#8771aae0799b64076b76640fca058f9c10e33ecb"
  integrity sha1-h3Gq4HmbZAdrdmQPygWPnBDjPss=
  optionalDependencies:
    graceful-fs "^4.1.6"

lodash@^4.17.12:
  version "4.17.21"
  resolved "http://r.npm.sankuai.com/lodash/download/lodash-4.17.21.tgz#679591c564c3bffaae8454cf0b3df370c3d6911c"
  integrity sha1-Z5WRxWTDv/quhFTPCz3zcMPWkRw=

mimic-fn@^1.0.0:
  version "1.2.0"
  resolved "http://r.npm.sankuai.com/mimic-fn/download/mimic-fn-1.2.0.tgz#820c86a39334640e99516928bd03fca88057d022"
  integrity sha1-ggyGo5M0ZA6ZUWkovQP8qIBX0CI=

mute-stream@0.0.7:
  version "0.0.7"
  resolved "http://r.npm.sankuai.com/mute-stream/download/mute-stream-0.0.7.tgz#3075ce93bc21b8fab43e1bc4da7e8115ed1e7bab"
  integrity sha1-MHXOk7whuPq0PhvE2n6BFe0ee6s=

node-fetch@^2.6.7:
  version "2.6.7"
  resolved "http://r.npm.sankuai.com/node-fetch/download/node-fetch-2.6.7.tgz#24de9fba827e3b4ae44dc8b20256a379160052ad"
  integrity sha1-JN6fuoJ+O0rkTciyAlajeRYAUq0=
  dependencies:
    whatwg-url "^5.0.0"

once@^1.4.0:
  version "1.4.0"
  resolved "http://r.npm.sankuai.com/once/download/once-1.4.0.tgz#583b1aa775961d4b113ac17d9c50baef9dd76bd1"
  integrity sha1-WDsap3WWHUsROsF9nFC6753Xa9E=
  dependencies:
    wrappy "1"

onetime@^2.0.0:
  version "2.0.1"
  resolved "http://r.npm.sankuai.com/onetime/download/onetime-2.0.1.tgz#067428230fd67443b2794b22bba528b6867962d4"
  integrity sha1-BnQoIw/WdEOyeUsiu6UotoZ5YtQ=
  dependencies:
    mimic-fn "^1.0.0"

os-tmpdir@~1.0.2:
  version "1.0.2"
  resolved "http://r.npm.sankuai.com/os-tmpdir/download/os-tmpdir-1.0.2.tgz#bbe67406c79aa85c5cfec766fe5734555dfa1274"
  integrity sha1-u+Z0BseaqFxc/sdm/lc0VV36EnQ=

restore-cursor@^2.0.0:
  version "2.0.0"
  resolved "http://r.npm.sankuai.com/restore-cursor/download/restore-cursor-2.0.0.tgz#9f7ee287f82fd326d4fd162923d62129eee0dfaf"
  integrity sha1-n37ih/gv0ybU/RYpI9YhKe7g368=
  dependencies:
    onetime "^2.0.0"
    signal-exit "^3.0.2"

run-async@^2.2.0:
  version "2.4.1"
  resolved "http://r.npm.sankuai.com/run-async/download/run-async-2.4.1.tgz#8440eccf99ea3e70bd409d49aab88e10c189a455"
  integrity sha1-hEDsz5nqPnC9QJ1JqriOEMGJpFU=

rxjs@^6.4.0:
  version "6.6.7"
  resolved "http://r.npm.sankuai.com/rxjs/download/rxjs-6.6.7.tgz#90ac018acabf491bf65044235d5863c4dab804c9"
  integrity sha1-kKwBisq/SRv2UEQjXVhjxNq4BMk=
  dependencies:
    tslib "^1.9.0"

"safer-buffer@>= 2.1.2 < 3":
  version "2.1.2"
  resolved "http://r.npm.sankuai.com/safer-buffer/download/safer-buffer-2.1.2.tgz#44fa161b0187b9549dd84bb91802f9bd8385cd6a"
  integrity sha1-RPoWGwGHuVSd2Eu5GAL5vYOFzWo=

signal-exit@^3.0.2:
  version "3.0.7"
  resolved "http://r.npm.sankuai.com/signal-exit/download/signal-exit-3.0.7.tgz#a9a1767f8af84155114eaabd73f99273c8f59ad9"
  integrity sha1-qaF2f4r4QVURTqq9c/mSc8j1mtk=

string-width@^2.1.0:
  version "2.1.1"
  resolved "http://r.npm.sankuai.com/string-width/download/string-width-2.1.1.tgz#ab93f27a8dc13d28cac815c462143a6d9012ae9e"
  integrity sha1-q5Pyeo3BPSjKyBXEYhQ6bZASrp4=
  dependencies:
    is-fullwidth-code-point "^2.0.0"
    strip-ansi "^4.0.0"

strip-ansi@^4.0.0:
  version "4.0.0"
  resolved "http://r.npm.sankuai.com/strip-ansi/download/strip-ansi-4.0.0.tgz#a8479022eb1ac368a871389b635262c505ee368f"
  integrity sha1-qEeQIusaw2iocTibY1JixQXuNo8=
  dependencies:
    ansi-regex "^3.0.0"

strip-ansi@^5.1.0:
  version "5.2.0"
  resolved "http://r.npm.sankuai.com/strip-ansi/download/strip-ansi-5.2.0.tgz#8c9a536feb6afc962bdfa5b104a5091c1ad9c0ae"
  integrity sha1-jJpTb+tq/JYr36WxBKUJHBrZwK4=
  dependencies:
    ansi-regex "^4.1.0"

supports-color@^5.3.0:
  version "5.5.0"
  resolved "http://r.npm.sankuai.com/supports-color/download/supports-color-5.5.0.tgz#e2e69a44ac8772f78a1ec0b35b689df6530efc8f"
  integrity sha1-4uaaRKyHcveKHsCzW2id9lMO/I8=
  dependencies:
    has-flag "^3.0.0"

through@^2.3.6:
  version "2.3.8"
  resolved "http://r.npm.sankuai.com/through/download/through-2.3.8.tgz#0dd4c9ffaabc357960b1b724115d7e0e86a2e1f5"
  integrity sha1-DdTJ/6q8NXlgsbckEV1+Doai4fU=

tmp@^0.0.33:
  version "0.0.33"
  resolved "http://r.npm.sankuai.com/tmp/download/tmp-0.0.33.tgz#6d34335889768d21b2bcda0aa277ced3b1bfadf9"
  integrity sha1-bTQzWIl2jSGyvNoKonfO07G/rfk=
  dependencies:
    os-tmpdir "~1.0.2"

tr46@~0.0.3:
  version "0.0.3"
  resolved "http://r.npm.sankuai.com/tr46/download/tr46-0.0.3.tgz#8184fd347dac9cdc185992f3a6622e14b9d9ab6a"
  integrity sha1-gYT9NH2snNwYWZLzpmIuFLnZq2o=

tslib@^1.9.0:
  version "1.14.1"
  resolved "http://r.npm.sankuai.com/tslib/download/tslib-1.14.1.tgz#cf2d38bdc34a134bcaf1091c41f6619e2f672d00"
  integrity sha1-zy04vcNKE0vK8QkcQfZhni9nLQA=

universal-user-agent@^6.0.0:
  version "6.0.0"
  resolved "http://r.npm.sankuai.com/universal-user-agent/download/universal-user-agent-6.0.0.tgz#3381f8503b251c0d9cd21bc1de939ec9df5480ee"
  integrity sha1-M4H4UDslHA2c0hvB3pOeyd9UgO4=

universalify@^0.1.0:
  version "0.1.2"
  resolved "http://r.npm.sankuai.com/universalify/download/universalify-0.1.2.tgz#b646f69be3942dabcecc9d6639c80dc105efaa66"
  integrity sha1-tkb2m+OULavOzJ1mOcgNwQXvqmY=

webidl-conversions@^3.0.0:
  version "3.0.1"
  resolved "http://r.npm.sankuai.com/webidl-conversions/download/webidl-conversions-3.0.1.tgz#24534275e2a7bc6be7bc86611cc16ae0a5654871"
  integrity sha1-JFNCdeKnvGvnvIZhHMFq4KVlSHE=

whatwg-url@^5.0.0:
  version "5.0.0"
  resolved "http://r.npm.sankuai.com/whatwg-url/download/whatwg-url-5.0.0.tgz#966454e8765462e37644d3626f6742ce8b70965d"
  integrity sha1-lmRU6HZUYuN2RNNib2dCzotwll0=
  dependencies:
    tr46 "~0.0.3"
    webidl-conversions "^3.0.0"

wrappy@1:
  version "1.0.2"
  resolved "http://r.npm.sankuai.com/wrappy/download/wrappy-1.0.2.tgz#b5243d8f3ec1aa35f1364605bc0d1036e30ab69f"
  integrity sha1-tSQ9jz7BqjXxNkYFvA0QNuMKtp8=
